
Microsoft Visual Studio Solution File, Format Version 12.00
# Visual Studio 15
VisualStudioVersion = 15.0.27428.1
MinimumVisualStudioVersion = 10.0.40219.1
Project("{FAE04EC0-301F-11D3-BF4B-00C04F79EFBC}") = "NetflixApp", "NetflixApp\NetflixApp.csproj", "{CF396B8D-EA24-4975-AFA4-4C4BD67AEB2A}"
EndProject
Global
	GlobalSection(SolutionConfigurationPlatforms) = preSolution
		Debug|Any CPU = Debug|Any CPU
		Release|Any CPU = Release|Any CPU
	EndGlobalSection
	GlobalSection(ProjectConfigurationPlatforms) = postSolution
		{CF396B8D-EA24-4975-AFA4-4C4BD67AEB2A}.Debug|Any CPU.ActiveCfg = Debug|Any CPU
		{CF396B8D-EA24-4975-AFA4-4C4BD67AEB2A}.Debug|Any CPU.Build.0 = Debug|Any CPU
		{CF396B8D-EA24-4975-AFA4-4C4BD67AEB2A}.Release|Any CPU.ActiveCfg = Release|Any CPU
		{CF396B8D-EA24-4975-AFA4-4C4BD67AEB2A}.Release|Any CPU.Build.0 = Release|Any CPU
	EndGlobalSection
	GlobalSection(SolutionProperties) = preSolution
		HideSolutionNode = FALSE
	EndGlobalSection
	GlobalSection(ExtensibilityGlobals) = postSolution
		SolutionGuid = {DAD0152D-C817-482E-962B-BC042BB2D946}
	EndGlobalSection
EndGlobal
